
Microsoft Visual Studio Solution File, Format Version 12.00
# Visual Studio 15
VisualStudioVersion = 15.0.27703.2042
MinimumVisualStudioVersion = 10.0.40219.1
Project("{8BC9CEB8-8B4A-11D0-8D11-00A0C91BC942}") = "TheBoat_Client(OpenGL)", "TheBoat_Client(OpenGL)\TheBoat_Client(OpenGL).vcxproj", "{2F36C00E-B558-4B56-82F7-845223A227BE}"
EndProject
Global
	GlobalSection(SolutionConfigurationPlatforms) = preSolution
		Debug|x64 = Debug|x64
		Debug|x86 = Debug|x86
		Release|x64 = Release|x64
		Release|x86 = Release|x86
	EndGlobalSection
	GlobalSection(ProjectConfigurationPlatforms) = postSolution
		{2F36C00E-B558-4B56-82F7-845223A227BE}.Debug|x64.ActiveCfg = Debug|x64
		{2F36C00E-B558-4B56-82F7-845223A227BE}.Debug|x64.Build.0 = Debug|x64
		{2F36C00E-B558-4B56-82F7-845223A227BE}.Debug|x86.ActiveCfg = Debug|Win32
		{2F36C00E-B558-4B56-82F7-845223A227BE}.Debug|x86.Build.0 = Debug|Win32
		{2F36C00E-B558-4B56-82F7-845223A227BE}.Release|x64.ActiveCfg = Release|x64
		{2F36C00E-B558-4B56-82F7-845223A227BE}.Release|x64.Build.0 = Release|x64
		{2F36C00E-B558-4B56-82F7-845223A227BE}.Release|x86.ActiveCfg = Release|Win32
		{2F36C00E-B558-4B56-82F7-845223A227BE}.Release|x86.Build.0 = Release|Win32
	EndGlobalSection
	GlobalSection(SolutionProperties) = preSolution
		HideSolutionNode = FALSE
	EndGlobalSection
	GlobalSection(ExtensibilityGlobals) = postSolution
		SolutionGuid = {B9C1EED2-0DD7-4B38-9A8F-A0877119D000}
	EndGlobalSection
EndGlobal
