<?xml version="1.0" encoding="utf-8"?>
<Project ToolsVersion="4.0" xmlns="http://schemas.microsoft.com/developer/msbuild/2003">
  <ItemGroup>
    <Filter Include="소스 파일">
      <UniqueIdentifier>{4FC737F1-C7A5-4376-A066-2A32D752A2FF}</UniqueIdentifier>
      <Extensions>cpp;c;cc;cxx;def;odl;idl;hpj;bat;asm;asmx</Extensions>
    </Filter>
    <Filter Include="헤더 파일">
      <UniqueIdentifier>{93995380-89BD-4b04-88EB-625FBE52EBFB}</UniqueIdentifier>
      <Extensions>h;hh;hpp;hxx;hm;inl;inc;ipp;xsd</Extensions>
    </Filter>
    <Filter Include="리소스 파일">
      <UniqueIdentifier>{67DA6AB6-F800-4c08-8B7A-83BB121AAD01}</UniqueIdentifier>
      <Extensions>rc;ico;cur;bmp;dlg;rc2;rct;bin;rgs;gif;jpg;jpeg;jpe;resx;tiff;tif;png;wav;mfcribbon-ms</Extensions>
    </Filter>
    <Filter Include="01. Network">
      <UniqueIdentifier>{f3de4efb-9a04-474f-9c05-9159cd781e2f}</UniqueIdentifier>
    </Filter>
    <Filter Include="00. Fundamental">
      <UniqueIdentifier>{c3f9e92a-a428-4ac3-a933-10f920184aae}</UniqueIdentifier>
    </Filter>
    <Filter Include="02. Renderer">
      <UniqueIdentifier>{62312ac8-58b2-44f5-84b4-fe86fd79bac6}</UniqueIdentifier>
    </Filter>
  </ItemGroup>
  <ItemGroup>
    <ClInclude Include="Resource.h">
      <Filter>00. Fundamental</Filter>
    </ClInclude>
    <ClInclude Include="stdafx.h">
      <Filter>00. Fundamental</Filter>
    </ClInclude>
    <ClInclude Include="targetver.h">
      <Filter>00. Fundamental</Filter>
    </ClInclude>
    <ClInclude Include="TheBoat_Client(OpenGL).h">
      <Filter>00. Fundamental</Filter>
    </ClInclude>
    <ClInclude Include="..\..\..\Server\TheBoat_server(OpenGL)\TheBoat_server\protocol.h">
      <Filter>01. Network</Filter>
    </ClInclude>
    <ClInclude Include="LoadPng.h">
      <Filter>02. Renderer</Filter>
    </ClInclude>
    <ClInclude Include="Renderer.h">
      <Filter>02. Renderer</Filter>
    </ClInclude>
    <ClInclude Include="ServerMgr.h">
      <Filter>01. Network</Filter>
    </ClInclude>
  </ItemGroup>
  <ItemGroup>
    <ClCompile Include="stdafx.cpp">
      <Filter>00. Fundamental</Filter>
    </ClCompile>
    <ClCompile Include="TheBoat_Client(OpenGL).cpp">
      <Filter>00. Fundamental</Filter>
    </ClCompile>
    <ClCompile Include="LoadPng.cpp">
      <Filter>02. Renderer</Filter>
    </ClCompile>
    <ClCompile Include="Renderer.cpp">
      <Filter>02. Renderer</Filter>
    </ClCompile>
    <ClCompile Include="ServerMgr.cpp">
      <Filter>01. Network</Filter>
    </ClCompile>
  </ItemGroup>
  <ItemGroup>
    <ResourceCompile Include="TheBoat_Client(OpenGL).rc">
      <Filter>리소스 파일</Filter>
    </ResourceCompile>
  </ItemGroup>
  <ItemGroup>
    <Image Include="small.ico">
      <Filter>리소스 파일</Filter>
    </Image>
    <Image Include="TheBoat_Client(OpenGL).ico">
      <Filter>리소스 파일</Filter>
    </Image>
  </ItemGroup>
</Project>